
Microsoft Visual Studio Solution File, Format Version 12.00
# Visual Studio 15
VisualStudioVersion = 15.0.28010.2026
MinimumVisualStudioVersion = 10.0.40219.1
Project("{FAE04EC0-301F-11D3-BF4B-00C04F79EFBC}") = "iassettechnicaltest.Core", "iassettechnicaltest.Core\iassettechnicaltest.Core.csproj", "{82E6EE91-38C0-4F3A-83F7-8A3259D12D95}"
EndProject
Project("{FAE04EC0-301F-11D3-BF4B-00C04F79EFBC}") = "iassettechnicaltest.Data", "iassettechnicaltest.Data\iassettechnicaltest.Data.csproj", "{3A51E2E3-8269-48CE-BE85-B12A2B7A2E74}"
EndProject
Project("{FAE04EC0-301F-11D3-BF4B-00C04F79EFBC}") = "iassettechnicaltest.Service", "iassettechnicaltest.Service\iassettechnicaltest.Service.csproj", "{D0B7FCB5-6F0F-496C-832D-B96FE159A45C}"
EndProject
Project("{9A19103F-16F7-4668-BE54-9A1E7A4F7556}") = "iassettechnicaltest.Pesentation", "iassettechnicaltest.Pesentation\iassettechnicaltest.Pesentation.csproj", "{4D84E393-24EE-47D5-85C0-FA36761D7B2A}"
EndProject
Project("{9A19103F-16F7-4668-BE54-9A1E7A4F7556}") = "iassettechnicaltest.Presentation.Test", "iassettechnicaltest.Presentation.Test\iassettechnicaltest.Presentation.Test.csproj", "{1920EBD3-B9E7-400B-8273-4487CB424822}"
EndProject
Global
	GlobalSection(SolutionConfigurationPlatforms) = preSolution
		Debug|Any CPU = Debug|Any CPU
		Release|Any CPU = Release|Any CPU
	EndGlobalSection
	GlobalSection(ProjectConfigurationPlatforms) = postSolution
		{82E6EE91-38C0-4F3A-83F7-8A3259D12D95}.Debug|Any CPU.ActiveCfg = Debug|Any CPU
		{82E6EE91-38C0-4F3A-83F7-8A3259D12D95}.Debug|Any CPU.Build.0 = Debug|Any CPU
		{82E6EE91-38C0-4F3A-83F7-8A3259D12D95}.Release|Any CPU.ActiveCfg = Release|Any CPU
		{82E6EE91-38C0-4F3A-83F7-8A3259D12D95}.Release|Any CPU.Build.0 = Release|Any CPU
		{3A51E2E3-8269-48CE-BE85-B12A2B7A2E74}.Debug|Any CPU.ActiveCfg = Debug|Any CPU
		{3A51E2E3-8269-48CE-BE85-B12A2B7A2E74}.Debug|Any CPU.Build.0 = Debug|Any CPU
		{3A51E2E3-8269-48CE-BE85-B12A2B7A2E74}.Release|Any CPU.ActiveCfg = Release|Any CPU
		{3A51E2E3-8269-48CE-BE85-B12A2B7A2E74}.Release|Any CPU.Build.0 = Release|Any CPU
		{D0B7FCB5-6F0F-496C-832D-B96FE159A45C}.Debug|Any CPU.ActiveCfg = Debug|Any CPU
		{D0B7FCB5-6F0F-496C-832D-B96FE159A45C}.Debug|Any CPU.Build.0 = Debug|Any CPU
		{D0B7FCB5-6F0F-496C-832D-B96FE159A45C}.Release|Any CPU.ActiveCfg = Release|Any CPU
		{D0B7FCB5-6F0F-496C-832D-B96FE159A45C}.Release|Any CPU.Build.0 = Release|Any CPU
		{4D84E393-24EE-47D5-85C0-FA36761D7B2A}.Debug|Any CPU.ActiveCfg = Debug|Any CPU
		{4D84E393-24EE-47D5-85C0-FA36761D7B2A}.Debug|Any CPU.Build.0 = Debug|Any CPU
		{4D84E393-24EE-47D5-85C0-FA36761D7B2A}.Release|Any CPU.ActiveCfg = Release|Any CPU
		{4D84E393-24EE-47D5-85C0-FA36761D7B2A}.Release|Any CPU.Build.0 = Release|Any CPU
		{1920EBD3-B9E7-400B-8273-4487CB424822}.Debug|Any CPU.ActiveCfg = Debug|Any CPU
		{1920EBD3-B9E7-400B-8273-4487CB424822}.Debug|Any CPU.Build.0 = Debug|Any CPU
		{1920EBD3-B9E7-400B-8273-4487CB424822}.Release|Any CPU.ActiveCfg = Release|Any CPU
		{1920EBD3-B9E7-400B-8273-4487CB424822}.Release|Any CPU.Build.0 = Release|Any CPU
	EndGlobalSection
	GlobalSection(SolutionProperties) = preSolution
		HideSolutionNode = FALSE
	EndGlobalSection
	GlobalSection(ExtensibilityGlobals) = postSolution
		SolutionGuid = {DF13FA20-C17B-4595-9E63-E0C17B82F1E6}
	EndGlobalSection
EndGlobal
